
Microsoft Visual Studio Solution File, Format Version 12.00
# Visual Studio Version 17
VisualStudioVersion = 17.0.31717.71
MinimumVisualStudioVersion = 10.0.40219.1
Project("{9A19103F-16F7-4668-BE54-9A1E7A4F7556}") = "Trawelin.App", "Trawelin.App.csproj", "{175EC5D3-87B1-441B-80E4-EA2E9C946832}"
EndProject
Global
	GlobalSection(SolutionConfigurationPlatforms) = preSolution
		Debug|Any CPU = Debug|Any CPU
		Release|Any CPU = Release|Any CPU
	EndGlobalSection
	GlobalSection(ProjectConfigurationPlatforms) = postSolution
		{175EC5D3-87B1-441B-80E4-EA2E9C946832}.Debug|Any CPU.ActiveCfg = Debug|Any CPU
		{175EC5D3-87B1-441B-80E4-EA2E9C946832}.Debug|Any CPU.Build.0 = Debug|Any CPU
		{175EC5D3-87B1-441B-80E4-EA2E9C946832}.Release|Any CPU.ActiveCfg = Release|Any CPU
		{175EC5D3-87B1-441B-80E4-EA2E9C946832}.Release|Any CPU.Build.0 = Release|Any CPU
	EndGlobalSection
	GlobalSection(SolutionProperties) = preSolution
		HideSolutionNode = FALSE
	EndGlobalSection
	GlobalSection(ExtensibilityGlobals) = postSolution
		SolutionGuid = {6F42C44F-2EAE-4520-B975-2144D5DF0538}
	EndGlobalSection
EndGlobal